
Microsoft Visual Studio Solution File, Format Version 12.00
# Visual Studio 15
Project("{FAE04EC0-301F-11D3-BF4B-00C04F79EFBC}") = "ExemploSAP_Xamarim.Android", "ExemploSAP_Xamarim.Android\ExemploSAP_Xamarim.Android.csproj", "{3DB2DBE4-194D-47C3-AD4C-4EF537226DC7}"
EndProject
Project("{FAE04EC0-301F-11D3-BF4B-00C04F79EFBC}") = "ExemploSAP_Xamarim.iOS", "ExemploSAP_Xamarim.iOS\ExemploSAP_Xamarim.iOS.csproj", "{19CEB0B8-2F2D-43E9-B8FA-6B91967E9FD2}"
EndProject
Project("{D954291E-2A0B-460D-934E-DC6B0785DB48}") = "ExemploSAP_Xamarim", "ExemploSAP_Xamarim\ExemploSAP_Xamarim.shproj", "{8EE31EDF-8DC8-4333-9FAD-D56D6423EB07}"
EndProject
Global
	GlobalSection(SolutionConfigurationPlatforms) = preSolution
		Debug|Any CPU = Debug|Any CPU
		Release|Any CPU = Release|Any CPU
		Debug|iPhoneSimulator = Debug|iPhoneSimulator
		Release|iPhoneSimulator = Release|iPhoneSimulator
		Debug|iPhone = Debug|iPhone
		Release|iPhone = Release|iPhone
		Ad-Hoc|iPhone = Ad-Hoc|iPhone
		AppStore|iPhone = AppStore|iPhone
	EndGlobalSection
	GlobalSection(ProjectConfigurationPlatforms) = postSolution
		{3DB2DBE4-194D-47C3-AD4C-4EF537226DC7}.Debug|Any CPU.ActiveCfg = Debug|Any CPU
		{3DB2DBE4-194D-47C3-AD4C-4EF537226DC7}.Debug|Any CPU.Build.0 = Debug|Any CPU
		{3DB2DBE4-194D-47C3-AD4C-4EF537226DC7}.Release|Any CPU.ActiveCfg = Release|Any CPU
		{3DB2DBE4-194D-47C3-AD4C-4EF537226DC7}.Release|Any CPU.Build.0 = Release|Any CPU
		{3DB2DBE4-194D-47C3-AD4C-4EF537226DC7}.Debug|iPhoneSimulator.ActiveCfg = Debug|Any CPU
		{3DB2DBE4-194D-47C3-AD4C-4EF537226DC7}.Debug|iPhoneSimulator.Build.0 = Debug|Any CPU
		{3DB2DBE4-194D-47C3-AD4C-4EF537226DC7}.Release|iPhoneSimulator.ActiveCfg = Release|Any CPU
		{3DB2DBE4-194D-47C3-AD4C-4EF537226DC7}.Release|iPhoneSimulator.Build.0 = Release|Any CPU
		{3DB2DBE4-194D-47C3-AD4C-4EF537226DC7}.Debug|iPhone.ActiveCfg = Debug|Any CPU
		{3DB2DBE4-194D-47C3-AD4C-4EF537226DC7}.Debug|iPhone.Build.0 = Debug|Any CPU
		{3DB2DBE4-194D-47C3-AD4C-4EF537226DC7}.Release|iPhone.ActiveCfg = Release|Any CPU
		{3DB2DBE4-194D-47C3-AD4C-4EF537226DC7}.Release|iPhone.Build.0 = Release|Any CPU
		{3DB2DBE4-194D-47C3-AD4C-4EF537226DC7}.Ad-Hoc|iPhone.ActiveCfg = Debug|Any CPU
		{3DB2DBE4-194D-47C3-AD4C-4EF537226DC7}.Ad-Hoc|iPhone.Build.0 = Debug|Any CPU
		{3DB2DBE4-194D-47C3-AD4C-4EF537226DC7}.AppStore|iPhone.ActiveCfg = Debug|Any CPU
		{3DB2DBE4-194D-47C3-AD4C-4EF537226DC7}.AppStore|iPhone.Build.0 = Debug|Any CPU
		{19CEB0B8-2F2D-43E9-B8FA-6B91967E9FD2}.Debug|Any CPU.ActiveCfg = Debug|iPhoneSimulator
		{19CEB0B8-2F2D-43E9-B8FA-6B91967E9FD2}.Debug|Any CPU.Build.0 = Debug|iPhoneSimulator
		{19CEB0B8-2F2D-43E9-B8FA-6B91967E9FD2}.Release|Any CPU.ActiveCfg = Release|iPhoneSimulator
		{19CEB0B8-2F2D-43E9-B8FA-6B91967E9FD2}.Release|Any CPU.Build.0 = Release|iPhoneSimulator
		{19CEB0B8-2F2D-43E9-B8FA-6B91967E9FD2}.Debug|iPhoneSimulator.ActiveCfg = Debug|iPhoneSimulator
		{19CEB0B8-2F2D-43E9-B8FA-6B91967E9FD2}.Debug|iPhoneSimulator.Build.0 = Debug|iPhoneSimulator
		{19CEB0B8-2F2D-43E9-B8FA-6B91967E9FD2}.Release|iPhoneSimulator.ActiveCfg = Release|iPhoneSimulator
		{19CEB0B8-2F2D-43E9-B8FA-6B91967E9FD2}.Release|iPhoneSimulator.Build.0 = Release|iPhoneSimulator
		{19CEB0B8-2F2D-43E9-B8FA-6B91967E9FD2}.Debug|iPhone.ActiveCfg = Debug|iPhone
		{19CEB0B8-2F2D-43E9-B8FA-6B91967E9FD2}.Debug|iPhone.Build.0 = Debug|iPhone
		{19CEB0B8-2F2D-43E9-B8FA-6B91967E9FD2}.Release|iPhone.ActiveCfg = Release|iPhone
		{19CEB0B8-2F2D-43E9-B8FA-6B91967E9FD2}.Release|iPhone.Build.0 = Release|iPhone
		{19CEB0B8-2F2D-43E9-B8FA-6B91967E9FD2}.Ad-Hoc|iPhone.ActiveCfg = Ad-Hoc|iPhone
		{19CEB0B8-2F2D-43E9-B8FA-6B91967E9FD2}.Ad-Hoc|iPhone.Build.0 = Ad-Hoc|iPhone
		{19CEB0B8-2F2D-43E9-B8FA-6B91967E9FD2}.AppStore|iPhone.ActiveCfg = AppStore|iPhone
		{19CEB0B8-2F2D-43E9-B8FA-6B91967E9FD2}.AppStore|iPhone.Build.0 = AppStore|iPhone
	EndGlobalSection
EndGlobal
